// !$*UTF8*$!
{
	archiveVersion = 1;
	classes = {
	};
	objectVersion = 46;
	objects = {

/* Begin PBXBuildFile section */
		6CD12E651CFB004D009B534D /* main.m in Sources */ = {isa = PBXBuildFile; fileRef = 6CD12E641CFB004D009B534D /* main.m */; };
		6CD12E681CFB004D009B534D /* AppDelegate.m in Sources */ = {isa = PBXBuildFile; fileRef = 6CD12E671CFB004D009B534D /* AppDelegate.m */; };
		6CD12E6B1CFB004D009B534D /* ViewController.m in Sources */ = {isa = PBXBuildFile; fileRef = 6CD12E6A1CFB004D009B534D /* ViewController.m */; };
		6CD12E6E1CFB004D009B534D /* Main.storyboard in Resources */ = {isa = PBXBuildFile; fileRef = 6CD12E6C1CFB004D009B534D /* Main.storyboard */; };
		6CD12E701CFB004D009B534D /* Assets.xcassets in Resources */ = {isa = PBXBuildFile; fileRef = 6CD12E6F1CFB004D009B534D /* Assets.xcassets */; };
		6CD12E731CFB004D009B534D /* LaunchScreen.storyboard in Resources */ = {isa = PBXBuildFile; fileRef = 6CD12E711CFB004D009B534D /* LaunchScreen.storyboard */; };
		6CD12E7C1CFB009C009B534D /* LYZQuartzFunView.m in Sources */ = {isa = PBXBuildFile; fileRef = 6CD12E7B1CFB009C009B534D /* LYZQuartzFunView.m */; };
		6CD12E801CFB014B009B534D /* UIColor+LYZRandom.m in Sources */ = {isa = PBXBuildFile; fileRef = 6CD12E7F1CFB014B009B534D /* UIColor+LYZRandom.m */; };
/* End PBXBuildFile section */

/* Begin PBXFileReference section */
		6CD12E601CFB004D009B534D /* QuartzFun.app */ = {isa = PBXFileReference; explicitFileType = wrapper.application; includeInIndex = 0; path = QuartzFun.app; sourceTree = BUILT_PRODUCTS_DIR; };
		6CD12E641CFB004D009B534D /* main.m */ = {isa = PBXFileReference; lastKnownFileType = sourcecode.c.objc; path = main.m; sourceTree = "<group>"; };
		6CD12E661CFB004D009B534D /* AppDelegate.h */ = {isa = PBXFileReference; lastKnownFileType = sourcecode.c.h; path = AppDelegate.h; sourceTree = "<group>"; };
		6CD12E671CFB004D009B534D /* AppDelegate.m */ = {isa = PBXFileReference; lastKnownFileType = sourcecode.c.objc; path = AppDelegate.m; sourceTree = "<group>"; };
		6CD12E691CFB004D009B534D /* ViewController.h */ = {isa = PBXFileReference; lastKnownFileType = sourcecode.c.h; path = ViewController.h; sourceTree = "<group>"; };
		6CD12E6A1CFB004D009B534D /* ViewController.m */ = {isa = PBXFileReference; lastKnownFileType = sourcecode.c.objc; path = ViewController.m; sourceTree = "<group>"; };
		6CD12E6D1CFB004D009B534D /* Base */ = {isa = PBXFileReference; lastKnownFileType = file.storyboard; name = Base; path = Base.lproj/Main.storyboard; sourceTree = "<group>"; };
		6CD12E6F1CFB004D009B534D /* Assets.xcassets */ = {isa = PBXFileReference; lastKnownFileType = folder.assetcatalog; path = Assets.xcassets; sourceTree = "<group>"; };
		6CD12E721CFB004D009B534D /* Base */ = {isa = PBXFileReference; lastKnownFileType = file.storyboard; name = Base; path = Base.lproj/LaunchScreen.storyboard; sourceTree = "<group>"; };
		6CD12E741CFB004D009B534D /* Info.plist */ = {isa = PBXFileReference; lastKnownFileType = text.plist.xml; path = Info.plist; sourceTree = "<group>"; };
		6CD12E7A1CFB009C009B534D /* LYZQuartzFunView.h */ = {isa = PBXFileReference; fileEncoding = 4; lastKnownFileType = sourcecode.c.h; path = LYZQuartzFunView.h; sourceTree = "<group>"; };
		6CD12E7B1CFB009C009B534D /* LYZQuartzFunView.m */ = {isa = PBXFileReference; fileEncoding = 4; lastKnownFileType = sourcecode.c.objc; path = LYZQuartzFunView.m; sourceTree = "<group>"; };
		6CD12E7D1CFB00E5009B534D /* LYZConstants.h */ = {isa = PBXFileReference; lastKnownFileType = sourcecode.c.h; path = LYZConstants.h; sourceTree = "<group>"; };
		6CD12E7E1CFB014B009B534D /* UIColor+LYZRandom.h */ = {isa = PBXFileReference; fileEncoding = 4; lastKnownFileType = sourcecode.c.h; path = "UIColor+LYZRandom.h"; sourceTree = "<group>"; };
		6CD12E7F1CFB014B009B534D /* UIColor+LYZRandom.m */ = {isa = PBXFileReference; fileEncoding = 4; lastKnownFileType = sourcecode.c.objc; path = "UIColor+LYZRandom.m"; sourceTree = "<group>"; };
/* End PBXFileReference section */

/* Begin PBXFrameworksBuildPhase section */
		6CD12E5D1CFB004D009B534D /* Frameworks */ = {
			isa = PBXFrameworksBuildPhase;
			buildActionMask = 2147483647;
			files = (
			);
			runOnlyForDeploymentPostprocessing = 0;
		};
/* End PBXFrameworksBuildPhase section */

/* Begin PBXGroup section */
		6CD12E571CFB004D009B534D = {
			isa = PBXGroup;
			children = (
				6CD12E621CFB004D009B534D /* QuartzFun */,
				6CD12E611CFB004D009B534D /* Products */,
			);
			sourceTree = "<group>";
		};
		6CD12E611CFB004D009B534D /* Products */ = {
			isa = PBXGroup;
			children = (
				6CD12E601CFB004D009B534D /* QuartzFun.app */,
			);
			name = Products;
			sourceTree = "<group>";
		};
		6CD12E621CFB004D009B534D /* QuartzFun */ = {
			isa = PBXGroup;
			children = (
				6CD12E661CFB004D009B534D /* AppDelegate.h */,
				6CD12E671CFB004D009B534D /* AppDelegate.m */,
				6CD12E691CFB004D009B534D /* ViewController.h */,
				6CD12E6A1CFB004D009B534D /* ViewController.m */,
				6CD12E6C1CFB004D009B534D /* Main.storyboard */,
				6CD12E6F1CFB004D009B534D /* Assets.xcassets */,
				6CD12E711CFB004D009B534D /* LaunchScreen.storyboard */,
				6CD12E741CFB004D009B534D /* Info.plist */,
				6CD12E631CFB004D009B534D /* Supporting Files */,
				6CD12E7A1CFB009C009B534D /* LYZQuartzFunView.h */,
				6CD12E7B1CFB009C009B534D /* LYZQuartzFunView.m */,
				6CD12E7D1CFB00E5009B534D /* LYZConstants.h */,
				6CD12E7E1CFB014B009B534D /* UIColor+LYZRandom.h */,
				6CD12E7F1CFB014B009B534D /* UIColor+LYZRandom.m */,
			);
			path = QuartzFun;
			sourceTree = "<group>";
		};
		6CD12E631CFB004D009B534D /* Supporting Files */ = {
			isa = PBXGroup;
			children = (
				6CD12E641CFB004D009B534D /* main.m */,
			);
			name = "Supporting Files";
			sourceTree = "<group>";
		};
/* End PBXGroup section */

/* Begin PBXNativeTarget section */
		6CD12E5F1CFB004D009B534D /* QuartzFun */ = {
			isa = PBXNativeTarget;
			buildConfigurationList = 6CD12E771CFB004D009B534D /* Build configuration list for PBXNativeTarget "QuartzFun" */;
			buildPhases = (
				6CD12E5C1CFB004D009B534D /* Sources */,
				6CD12E5D1CFB004D009B534D /* Frameworks */,
				6CD12E5E1CFB004D009B534D /* Resources */,
			);
			buildRules = (
			);
			dependencies = (
			);
			name = QuartzFun;
			productName = QuartzFun;
			productReference = 6CD12E601CFB004D009B534D /* QuartzFun.app */;
			productType = "com.apple.product-type.application";
		};
/* End PBXNativeTarget section */

/* Begin PBXProject section */
		6CD12E581CFB004D009B534D /* Project object */ = {
			isa = PBXProject;
			attributes = {
				LastUpgradeCheck = 0710;
				ORGANIZATIONNAME = "李懿哲";
				TargetAttributes = {
					6CD12E5F1CFB004D009B534D = {
						CreatedOnToolsVersion = 7.1;
					};
				};
			};
			buildConfigurationList = 6CD12E5B1CFB004D009B534D /* Build configuration list for PBXProject "QuartzFun" */;
			compatibilityVersion = "Xcode 3.2";
			developmentRegion = English;
			hasScannedForEncodings = 0;
			knownRegions = (
				en,
				Base,
			);
			mainGroup = 6CD12E571CFB004D009B534D;
			productRefGroup = 6CD12E611CFB004D009B534D /* Products */;
			projectDirPath = "";
			projectRoot = "";
			targets = (
				6CD12E5F1CFB004D009B534D /* QuartzFun */,
			);
		};
/* End PBXProject section */

/* Begin PBXResourcesBuildPhase section */
		6CD12E5E1CFB004D009B534D /* Resources */ = {
			isa = PBXResourcesBuildPhase;
			buildActionMask = 2147483647;
			files = (
				6CD12E731CFB004D009B534D /* LaunchScreen.storyboard in Resources */,
				6CD12E701CFB004D009B534D /* Assets.xcassets in Resources */,
				6CD12E6E1CFB004D009B534D /* Main.storyboard in Resources */,
			);
			runOnlyForDeploymentPostprocessing = 0;
		};
/* End PBXResourcesBuildPhase section */

/* Begin PBXSourcesBuildPhase section */
		6CD12E5C1CFB004D009B534D /* Sources */ = {
			isa = PBXSourcesBuildPhase;
			buildActionMask = 2147483647;
			files = (
				6CD12E6B1CFB004D009B534D /* ViewController.m in Sources */,
				6CD12E681CFB004D009B534D /* AppDelegate.m in Sources */,
				6CD12E801CFB014B009B534D /* UIColor+LYZRandom.m in Sources */,
				6CD12E651CFB004D009B534D /* main.m in Sources */,
				6CD12E7C1CFB009C009B534D /* LYZQuartzFunView.m in Sources */,
			);
			runOnlyForDeploymentPostprocessing = 0;
		};
/* End PBXSourcesBuildPhase section */

/* Begin PBXVariantGroup section */
		6CD12E6C1CFB004D009B534D /* Main.storyboard */ = {
			isa = PBXVariantGroup;
			children = (
				6CD12E6D1CFB004D009B534D /* Base */,
			);
			name = Main.storyboard;
			sourceTree = "<group>";
		};
		6CD12E711CFB004D009B534D /* LaunchScreen.storyboard */ = {
			isa = PBXVariantGroup;
			children = (
				6CD12E721CFB004D009B534D /* Base */,
			);
			name = LaunchScreen.storyboard;
			sourceTree = "<group>";
		};
/* End PBXVariantGroup section */

/* Begin XCBuildConfiguration section */
		6CD12E751CFB004D009B534D /* Debug */ = {
			isa = XCBuildConfiguration;
			buildSettings = {
				ALWAYS_SEARCH_USER_PATHS = NO;
				CLANG_CXX_LANGUAGE_STANDARD = "gnu++0x";
				CLANG_CXX_LIBRARY = "libc++";
				CLANG_ENABLE_MODULES = YES;
				CLANG_ENABLE_OBJC_ARC = YES;
				CLANG_WARN_BOOL_CONVERSION = YES;
				CLANG_WARN_CONSTANT_CONVERSION = YES;
				CLANG_WARN_DIRECT_OBJC_ISA_USAGE = YES_ERROR;
				CLANG_WARN_EMPTY_BODY = YES;
				CLANG_WARN_ENUM_CONVERSION = YES;
				CLANG_WARN_INT_CONVERSION = YES;
				CLANG_WARN_OBJC_ROOT_CLASS = YES_ERROR;
				CLANG_WARN_UNREACHABLE_CODE = YES;
				CLANG_WARN__DUPLICATE_METHOD_MATCH = YES;
				"CODE_SIGN_IDENTITY[sdk=iphoneos*]" = "iPhone Developer";
				COPY_PHASE_STRIP = NO;
				DEBUG_INFORMATION_FORMAT = dwarf;
				ENABLE_STRICT_OBJC_MSGSEND = YES;
				ENABLE_TESTABILITY = YES;
				GCC_C_LANGUAGE_STANDARD = gnu99;
				GCC_DYNAMIC_NO_PIC = NO;
				GCC_NO_COMMON_BLOCKS = YES;
				GCC_OPTIMIZATION_LEVEL = 0;
				GCC_PREPROCESSOR_DEFINITIONS = (
					"DEBUG=1",
					"$(inherited)",
				);
				GCC_WARN_64_TO_32_BIT_CONVERSION = YES;
				GCC_WARN_ABOUT_RETURN_TYPE = YES_ERROR;
				GCC_WARN_UNDECLARED_SELECTOR = YES;
				GCC_WARN_UNINITIALIZED_AUTOS = YES_AGGRESSIVE;
				GCC_WARN_UNUSED_FUNCTION = YES;
				GCC_WARN_UNUSED_VARIABLE = YES;
				IPHONEOS_DEPLOYMENT_TARGET = 9.1;
				MTL_ENABLE_DEBUG_INFO = YES;
				ONLY_ACTIVE_ARCH = YES;
				SDKROOT = iphoneos;
			};
			name = Debug;
		};
		6CD12E761CFB004D009B534D /* Release */ = {
			isa = XCBuildConfiguration;
			buildSettings = {
				ALWAYS_SEARCH_USER_PATHS = NO;
				CLANG_CXX_LANGUAGE_STANDARD = "gnu++0x";
				CLANG_CXX_LIBRARY = "libc++";
				CLANG_ENABLE_MODULES = YES;
				CLANG_ENABLE_OBJC_ARC = YES;
				CLANG_WARN_BOOL_CONVERSION = YES;
				CLANG_WARN_CONSTANT_CONVERSION = YES;
				CLANG_WARN_DIRECT_OBJC_ISA_USAGE = YES_ERROR;
				CLANG_WARN_EMPTY_BODY = YES;
				CLANG_WARN_ENUM_CONVERSION = YES;
				CLANG_WARN_INT_CONVERSION = YES;
				CLANG_WARN_OBJC_ROOT_CLASS = YES_ERROR;
				CLANG_WARN_UNREACHABLE_CODE = YES;
				CLANG_WARN__DUPLICATE_METHOD_MATCH = YES;
				"CODE_SIGN_IDENTITY[sdk=iphoneos*]" = "iPhone Developer";
				COPY_PHASE_STRIP = NO;
				DEBUG_INFORMATION_FORMAT = "dwarf-with-dsym";
				ENABLE_NS_ASSERTIONS = NO;
				ENABLE_STRICT_OBJC_MSGSEND = YES;
				GCC_C_LANGUAGE_STANDARD = gnu99;
				GCC_NO_COMMON_BLOCKS = YES;
				GCC_WARN_64_TO_32_BIT_CONVERSION = YES;
				GCC_WARN_ABOUT_RETURN_TYPE = YES_ERROR;
				GCC_WARN_UNDECLARED_SELECTOR = YES;
				GCC_WARN_UNINITIALIZED_AUTOS = YES_AGGRESSIVE;
				GCC_WARN_UNUSED_FUNCTION = YES;
				GCC_WARN_UNUSED_VARIABLE = YES;
				IPHONEOS_DEPLOYMENT_TARGET = 9.1;
				MTL_ENABLE_DEBUG_INFO = NO;
				SDKROOT = iphoneos;
				VALIDATE_PRODUCT = YES;
			};
			name = Release;
		};
		6CD12E781CFB004D009B534D /* Debug */ = {
			isa = XCBuildConfiguration;
			buildSettings = {
				ASSETCATALOG_COMPILER_APPICON_NAME = AppIcon;
				INFOPLIST_FILE = QuartzFun/Info.plist;
				LD_RUNPATH_SEARCH_PATHS = "$(inherited) @executable_path/Frameworks";
				PRODUCT_BUNDLE_IDENTIFIER = lyz.QuartzFun;
				PRODUCT_NAME = "$(TARGET_NAME)";
			};
			name = Debug;
		};
		6CD12E791CFB004D009B534D /* Release */ = {
			isa = XCBuildConfiguration;
			buildSettings = {
				ASSETCATALOG_COMPILER_APPICON_NAME = AppIcon;
				INFOPLIST_FILE = QuartzFun/Info.plist;
				LD_RUNPATH_SEARCH_PATHS = "$(inherited) @executable_path/Frameworks";
				PRODUCT_BUNDLE_IDENTIFIER = lyz.QuartzFun;
				PRODUCT_NAME = "$(TARGET_NAME)";
			};
			name = Release;
		};
/* End XCBuildConfiguration section */

/* Begin XCConfigurationList section */
		6CD12E5B1CFB004D009B534D /* Build configuration list for PBXProject "QuartzFun" */ = {
			isa = XCConfigurationList;
			buildConfigurations = (
				6CD12E751CFB004D009B534D /* Debug */,
				6CD12E761CFB004D009B534D /* Release */,
			);
			defaultConfigurationIsVisible = 0;
			defaultConfigurationName = Release;
		};
		6CD12E771CFB004D009B534D /* Build configuration list for PBXNativeTarget "QuartzFun" */ = {
			isa = XCConfigurationList;
			buildConfigurations = (
				6CD12E781CFB004D009B534D /* Debug */,
				6CD12E791CFB004D009B534D /* Release */,
			);
			defaultConfigurationIsVisible = 0;
		};
/* End XCConfigurationList section */
	};
	rootObject = 6CD12E581CFB004D009B534D /* Project object */;
}
